
Microsoft Visual Studio Solution File, Format Version 12.00
# Visual Studio Version 16
VisualStudioVersion = 16.0.29318.209
MinimumVisualStudioVersion = 10.0.40219.1
Project("{FAE04EC0-301F-11D3-BF4B-00C04F79EFBC}") = "cadastro_aluno", "cadastro_aluno.csproj", "{BC8BE47C-E5B9-4261-8442-1B09FDC4EEC9}"
EndProject
Global
	GlobalSection(SolutionConfigurationPlatforms) = preSolution
		Debug|Any CPU = Debug|Any CPU
		Release|Any CPU = Release|Any CPU
	EndGlobalSection
	GlobalSection(ProjectConfigurationPlatforms) = postSolution
		{BC8BE47C-E5B9-4261-8442-1B09FDC4EEC9}.Debug|Any CPU.ActiveCfg = Debug|Any CPU
		{BC8BE47C-E5B9-4261-8442-1B09FDC4EEC9}.Debug|Any CPU.Build.0 = Debug|Any CPU
		{BC8BE47C-E5B9-4261-8442-1B09FDC4EEC9}.Release|Any CPU.ActiveCfg = Release|Any CPU
		{BC8BE47C-E5B9-4261-8442-1B09FDC4EEC9}.Release|Any CPU.Build.0 = Release|Any CPU
	EndGlobalSection
	GlobalSection(SolutionProperties) = preSolution
		HideSolutionNode = FALSE
	EndGlobalSection
	GlobalSection(ExtensibilityGlobals) = postSolution
		SolutionGuid = {C022EBA7-EF48-483D-A54D-1D9CB5EB514C}
	EndGlobalSection
EndGlobal
